
Microsoft Visual Studio Solution File, Format Version 12.00
# Visual Studio Version 16
VisualStudioVersion = 16.0.30011.22
MinimumVisualStudioVersion = 10.0.40219.1
Project("{9A19103F-16F7-4668-BE54-9A1E7A4F7556}") = "BlazoR", "BlazorR\BlazoR.csproj", "{0C556C71-3824-4110-B366-A9F03B6D0985}"
EndProject
Project("{9A19103F-16F7-4668-BE54-9A1E7A4F7556}") = "BlazoR.Domain", "BlazoR.Domain\BlazoR.Domain.csproj", "{864AA61E-88FA-40E9-A1CB-40C9D8A3924C}"
EndProject
Project("{9A19103F-16F7-4668-BE54-9A1E7A4F7556}") = "BlazoR.Data", "BlazoR.Data\BlazoR.Data.csproj", "{97C086D0-A4F1-45F4-AFCA-7703EAF323D6}"
EndProject
Global
	GlobalSection(SolutionConfigurationPlatforms) = preSolution
		Debug|Any CPU = Debug|Any CPU
		Release|Any CPU = Release|Any CPU
	EndGlobalSection
	GlobalSection(ProjectConfigurationPlatforms) = postSolution
		{0C556C71-3824-4110-B366-A9F03B6D0985}.Debug|Any CPU.ActiveCfg = Debug|Any CPU
		{0C556C71-3824-4110-B366-A9F03B6D0985}.Debug|Any CPU.Build.0 = Debug|Any CPU
		{0C556C71-3824-4110-B366-A9F03B6D0985}.Release|Any CPU.ActiveCfg = Release|Any CPU
		{0C556C71-3824-4110-B366-A9F03B6D0985}.Release|Any CPU.Build.0 = Release|Any CPU
		{864AA61E-88FA-40E9-A1CB-40C9D8A3924C}.Debug|Any CPU.ActiveCfg = Debug|Any CPU
		{864AA61E-88FA-40E9-A1CB-40C9D8A3924C}.Debug|Any CPU.Build.0 = Debug|Any CPU
		{864AA61E-88FA-40E9-A1CB-40C9D8A3924C}.Release|Any CPU.ActiveCfg = Release|Any CPU
		{864AA61E-88FA-40E9-A1CB-40C9D8A3924C}.Release|Any CPU.Build.0 = Release|Any CPU
		{97C086D0-A4F1-45F4-AFCA-7703EAF323D6}.Debug|Any CPU.ActiveCfg = Debug|Any CPU
		{97C086D0-A4F1-45F4-AFCA-7703EAF323D6}.Debug|Any CPU.Build.0 = Debug|Any CPU
		{97C086D0-A4F1-45F4-AFCA-7703EAF323D6}.Release|Any CPU.ActiveCfg = Release|Any CPU
		{97C086D0-A4F1-45F4-AFCA-7703EAF323D6}.Release|Any CPU.Build.0 = Release|Any CPU
	EndGlobalSection
	GlobalSection(SolutionProperties) = preSolution
		HideSolutionNode = FALSE
	EndGlobalSection
	GlobalSection(ExtensibilityGlobals) = postSolution
		SolutionGuid = {607F470D-7EA2-46DE-8DA9-74E9325C0D41}
	EndGlobalSection
EndGlobal
